# THIS IS AN AUTOGENERATED FILE. DO NOT EDIT THIS FILE DIRECTLY.
# yarn lockfile v1


gsap@^3.1.1:
  version "3.1.1"
  resolved "https://registry.yarnpkg.com/gsap/-/gsap-3.1.1.tgz#b3f5f646563d4099aab9681d16703613f5de6a8c"
  integrity sha512-ISkCKuXMtBbmbchJxWXuZydXnnWVV9SqNqd8vAevvtq0yzyBapMbXLxwambK73S/2kpTIVzYW8eJXlDD7yHhvw==
